[[package]]
name = "altair"
version = "5.5.0"
description = "Vega-Altair: A declarative statistical visualization library for Python."
category = "main"
optional = false
python-versions = ">=3.9"

[package.dependencies]
jinja2 = "*"
jsonschema = ">=3.0"
narwhals = ">=1.14.2"
packaging = "*"
typing-extensions = {version = ">=4.10.0", markers = "python_version < \"3.14\""}

[package.extras]
all = ["altair-tiles (>=0.3.0)", "anywidget (>=0.9.0)", "numpy", "pandas (>=1.1.3)", "pyarrow (>=11)", "vega-datasets (>=0.9.0)", "vegafusion[embed] (>=1.6.6)", "vl-convert-python (>=1.7.0)"]
dev = ["duckdb (>=1.0)", "geopandas", "hatch (>=1.13.0)", "ipython", "mistune", "mypy", "pandas-stubs", "pandas (>=1.1.3)", "polars (>=0.20.3)", "pyarrow-stubs", "pytest", "pytest-cov", "pytest-xdist[psutil] (>=3.5,<4.0)", "ruff (>=0.6.0)", "types-jsonschema", "types-setuptools"]
doc = ["docutils", "jinja2", "myst-parser", "numpydoc", "pillow (>=9,<10)", "pydata-sphinx-theme (>=0.14.1)", "scipy", "sphinx", "sphinx-copybutton", "sphinx-design", "sphinxext-altair"]
save = ["vl-convert-python (>=1.7.0)"]

[[package]]
name = "annotated-types"
version = "0.7.0"
description = "Reusable constraint types to use with typing.Annotated"
category = "main"
optional = false
python-versions = ">=3.8"

[[package]]
name = "anyio"
version = "4.9.0"
description = "High level compatibility layer for multiple asynchronous event loop implementations"
category = "main"
optional = false
python-versions = ">=3.9"

[package.dependencies]
exceptiongroup = {version = ">=1.0.2", markers = "python_version < \"3.11\""}
idna = ">=2.8"
sniffio = ">=1.1"
typing_extensions = {version = ">=4.5", markers = "python_version < \"3.13\""}

[package.extras]
trio = ["trio (>=0.26.1)"]
test = ["anyio", "blockbuster (>=1.5.23)", "coverage[toml] (>=7)", "exceptiongroup (>=1.2.0)", "hypothesis (>=4.0)", "psutil (>=5.9)", "pytest (>=7.0)", "trustme", "truststore (>=0.9.1)", "uvloop (>=0.21)"]
doc = ["packaging", "Sphinx (>=8.2,<9.0)", "sphinx-rtd-theme", "sphinx-autodoc-typehints (>=1.2.0)"]

[[package]]
name = "atomicwrites"
version = "1.4.1"
description = "Atomic file writes."
category = "dev"
optional = false
python-versions = ">=2.7, !=3.0.*, !=3.1.*, !=3.2.*, !=3.3.*"

[[package]]
name = "attrs"
version = "25.3.0"
description = "Classes Without Boilerplate"
category = "main"
optional = false
python-versions = ">=3.8"

[package.extras]
benchmark = ["cloudpickle", "hypothesis", "mypy (>=1.11.1)", "pympler", "pytest-codspeed", "pytest-mypy-plugins", "pytest-xdist", "pytest (>=4.3.0)"]
cov = ["cloudpickle", "coverage[toml] (>=5.3)", "hypothesis", "mypy (>=1.11.1)", "pympler", "pytest-mypy-plugins", "pytest-xdist", "pytest (>=4.3.0)"]
dev = ["cloudpickle", "hypothesis", "mypy (>=1.11.1)", "pre-commit-uv", "pympler", "pytest-mypy-plugins", "pytest-xdist", "pytest (>=4.3.0)"]
docs = ["cogapp", "furo", "myst-parser", "sphinx", "sphinx-notfound-page", "sphinxcontrib-towncrier", "towncrier"]
tests = ["cloudpickle", "hypothesis", "mypy (>=1.11.1)", "pympler", "pytest-mypy-plugins", "pytest-xdist", "pytest (>=4.3.0)"]
tests-mypy = ["mypy (>=1.11.1)", "pytest-mypy-plugins"]

[[package]]
name = "blinker"
version = "1.9.0"
description = "Fast, simple object-to-object and broadcast signaling"
category = "main"
optional = false
python-versions = ">=3.9"

[[package]]
name = "cachetools"
version = "5.5.2"
description = "Extensible memoizing collections and decorators"
category = "main"
optional = false
python-versions = ">=3.7"

[[package]]
name = "certifi"
version = "2025.4.26"
description = "Python package for providing Mozilla's CA Bundle."
category = "main"
optional = false
python-versions = ">=3.6"

[[package]]
name = "charset-normalizer"
version = "3.4.2"
description = "The Real First Universal Charset Detector. Open, modern and actively maintained alternative to Chardet."
category = "main"
optional = false
python-versions = ">=3.7"

[[package]]
name = "click"
version = "8.2.0"
description = "Composable command line interface toolkit"
category = "main"
optional = false
python-versions = ">=3.10"

[package.dependencies]
colorama = {version = "*", markers = "platform_system == \"Windows\""}

[[package]]
name = "colorama"
version = "0.4.6"
description = "Cross-platform colored terminal text."
category = "main"
optional = false
python-versions = "!=3.0.*,!=3.1.*,!=3.2.*,!=3.3.*,!=3.4.*,!=3.5.*,!=3.6.*,>=2.7"

[[package]]
name = "cython"
version = "3.1.0"
description = "The Cython compiler for writing C extensions in the Python language."
category = "main"
optional = false
python-versions = ">=3.8"

[[package]]
name = "dtw-python"
version = "1.5.3"
description = "A comprehensive implementation of dynamic time warping (DTW) algorithms."
category = "main"
optional = false
python-versions = ">=3.6"

[package.dependencies]
numpy = {version = ">=1.23.5", markers = "python_version >= \"3.9\""}
scipy = "*"

[package.extras]
test = ["numpy"]

[[package]]
name = "exceptiongroup"
version = "1.3.0"
description = "Backport of PEP 654 (exception groups)"
category = "main"
optional = false
python-versions = ">=3.7"

[package.dependencies]
typing-extensions = {version = ">=4.6.0", markers = "python_version < \"3.13\""}

[package.extras]
test = ["pytest (>=6)"]

[[package]]
name = "fastapi"
version = "0.115.12"
description = "FastAPI framework, high performance, easy to learn, fast to code, ready for production"
category = "main"
optional = false
python-versions = ">=3.8"

[package.dependencies]
pydantic = ">=1.7.4,<1.8 || >1.8,<1.8.1 || >1.8.1,<2.0.0 || >2.0.0,<2.0.1 || >2.0.1,<2.1.0 || >2.1.0,<3.0.0"
starlette = ">=0.40.0,<0.47.0"
typing-extensions = ">=4.8.0"

[package.extras]
standard = ["fastapi-cli[standard] (>=0.0.5)", "httpx (>=0.23.0)", "jinja2 (>=3.1.5)", "python-multipart (>=0.0.18)", "email-validator (>=2.0.0)", "uvicorn[standard] (>=0.12.0)"]
all = ["fastapi-cli[standard] (>=0.0.5)", "httpx (>=0.23.0)", "jinja2 (>=3.1.5)", "python-multipart (>=0.0.18)", "itsdangerous (>=1.1.0)", "pyyaml (>=5.3.1)", "ujson (>=4.0.1,!=4.0.2,!=4.1.0,!=4.2.0,!=4.3.0,!=5.0.0,!=5.1.0)", "orjson (>=3.2.1)", "email-validator (>=2.0.0)", "uvicorn[standard] (>=0.12.0)", "pydantic-settings (>=2.0.0)", "pydantic-extra-types (>=2.0.0)"]

[[package]]
name = "filelock"
version = "3.18.0"
description = "A platform independent file lock."
category = "main"
optional = false
python-versions = ">=3.9"

[package.extras]
docs = ["furo (>=2024.8.6)", "sphinx-autodoc-typehints (>=3)", "sphinx (>=8.1.3)"]
testing = ["covdefaults (>=2.3)", "coverage (>=7.6.10)", "diff-cover (>=9.2.1)", "pytest-asyncio (>=0.25.2)", "pytest-cov (>=6)", "pytest-mock (>=3.14)", "pytest-timeout (>=2.3.1)", "pytest (>=8.3.4)", "virtualenv (>=20.28.1)"]
typing = ["typing-extensions (>=4.12.2)"]

[[package]]
name = "fsspec"
version = "2025.3.2"
description = "File-system specification"
category = "main"
optional = false
python-versions = ">=3.9"

[package.extras]
abfs = ["adlfs"]
adl = ["adlfs"]
arrow = ["pyarrow (>=1)"]
dask = ["dask", "distributed"]
dev = ["pre-commit", "ruff"]
doc = ["numpydoc", "sphinx", "sphinx-design", "sphinx-rtd-theme", "yarl"]
dropbox = ["dropbox", "dropboxdrivefs", "requests"]
full = ["adlfs", "aiohttp (!=4.0.0a0,!=4.0.0a1)", "dask", "distributed", "dropbox", "dropboxdrivefs", "fusepy", "gcsfs", "libarchive-c", "ocifs", "panel", "paramiko", "pyarrow (>=1)", "pygit2", "requests", "s3fs", "smbprotocol", "tqdm"]
fuse = ["fusepy"]
gcs = ["gcsfs"]
git = ["pygit2"]
github = ["requests"]
gs = ["gcsfs"]
gui = ["panel"]
hdfs = ["pyarrow (>=1)"]
http = ["aiohttp (!=4.0.0a0,!=4.0.0a1)"]
libarchive = ["libarchive-c"]
oci = ["ocifs"]
s3 = ["s3fs"]
sftp = ["paramiko"]
smb = ["smbprotocol"]
ssh = ["paramiko"]
test = ["aiohttp (!=4.0.0a0,!=4.0.0a1)", "numpy", "pytest", "pytest-asyncio (!=0.22.0)", "pytest-benchmark", "pytest-cov", "pytest-mock", "pytest-recording", "pytest-rerunfailures", "requests"]
test-downstream = ["aiobotocore (>=2.5.4,<3.0.0)", "dask", "moto[server] (>4,<5)", "pytest-timeout", "xarray"]
test-full = ["adlfs", "aiohttp (!=4.0.0a0,!=4.0.0a1)", "cloudpickle", "dask", "distributed", "dropbox", "dropboxdrivefs", "fastparquet", "fusepy", "gcsfs", "jinja2", "kerchunk", "libarchive-c", "lz4", "notebook", "numpy", "ocifs", "pandas", "panel", "paramiko", "pyarrow", "pyarrow (>=1)", "pyftpdlib", "pygit2", "pytest", "pytest-asyncio (!=0.22.0)", "pytest-benchmark", "pytest-cov", "pytest-mock", "pytest-recording", "pytest-rerunfailures", "python-snappy", "requests", "smbprotocol", "tqdm", "urllib3", "zarr", "zstandard"]
tqdm = ["tqdm"]

[[package]]
name = "gitdb"
version = "4.0.12"
description = "Git Object Database"
category = "main"
optional = false
python-versions = ">=3.7"

[package.dependencies]
smmap = ">=3.0.1,<6"

[[package]]
name = "gitpython"
version = "3.1.44"
description = "GitPython is a Python library used to interact with Git repositories"
category = "main"
optional = false
python-versions = ">=3.7"

[package.dependencies]
gitdb = ">=4.0.1,<5"

[package.extras]
test = ["coverage", "ddt (>=1.1.1,!=1.4.3)", "mock", "mypy", "pre-commit", "pytest (>=7.3.1)", "pytest-cov", "pytest-instafail", "pytest-mock", "pytest-sugar", "typing-extensions"]
doc = ["sphinx (>=7.1.2,<7.2)", "sphinx-rtd-theme", "sphinx-autodoc-typehints"]

[[package]]
name = "h11"
version = "0.16.0"
description = "A pure-Python, bring-your-own-I/O implementation of HTTP/1.1"
category = "main"
optional = false
python-versions = ">=3.8"

[[package]]
name = "httptools"
version = "0.6.4"
description = "A collection of framework independent HTTP protocol utils."
category = "main"
optional = false
python-versions = ">=3.8.0"

[package.extras]
test = ["Cython (>=0.29.24)"]

[[package]]
name = "idna"
version = "3.10"
description = "Internationalized Domain Names in Applications (IDNA)"
category = "main"
optional = false
python-versions = ">=3.6"

[package.extras]
all = ["ruff (>=0.6.2)", "mypy (>=1.11.2)", "pytest (>=8.3.2)", "flake8 (>=7.1.1)"]

[[package]]
name = "jinja2"
version = "3.1.6"
description = "A very fast and expressive template engine."
category = "main"
optional = false
python-versions = ">=3.7"

[package.dependencies]
MarkupSafe = ">=2.0"

[package.extras]
i18n = ["Babel (>=2.7)"]

[[package]]
name = "jiwer"
version = "3.1.0"
description = "Evaluate your speech-to-text system with similarity measures such as word error rate (WER)"
category = "main"
optional = false
python-versions = ">=3.8"

[package.dependencies]
click = ">=8.1.8"
rapidfuzz = ">=3.9.7"

[package.extras]
dev = ["black (>=24.8.0)", "flake8 (>=5.0.4)", "pytest-benchmark (>=4.0.0)", "pytest (>=8.3.4)"]
docs = ["mkdocs-gen-files (>=0.5.0)", "mkdocs-literate-nav (>=0.6.1)", "mkdocs-material (>=9.5.50)", "mkdocs (>=1.6.1)", "mkdocstrings[python] (>=0.26.1)"]

[[package]]
name = "joblib"
version = "1.5.0"
description = "Lightweight pipelining with Python functions"
category = "main"
optional = false
python-versions = ">=3.9"

[[package]]
name = "jsonschema"
version = "4.23.0"
description = "An implementation of JSON Schema validation for Python"
category = "main"
optional = false
python-versions = ">=3.8"

[package.dependencies]
attrs = ">=22.2.0"
jsonschema-specifications = ">=2023.03.6"
referencing = ">=0.28.4"
rpds-py = ">=0.7.1"

[package.extras]
format = ["fqdn", "idna", "isoduration", "jsonpointer (>1.13)", "rfc3339-validator", "rfc3987", "uri-template", "webcolors (>=1.11)"]
format-nongpl = ["fqdn", "idna", "isoduration", "jsonpointer (>1.13)", "rfc3339-validator", "rfc3986-validator (>0.1.0)", "uri-template", "webcolors (>=24.6.0)"]

[[package]]
name = "jsonschema-specifications"
version = "2025.4.1"
description = "The JSON Schema meta-schemas and vocabularies, exposed as a Registry"
category = "main"
optional = false
python-versions = ">=3.9"

[package.dependencies]
referencing = ">=0.31.0"

[[package]]
name = "llvmlite"
version = "0.44.0"
description = "lightweight wrapper around basic LLVM functionality"
category = "main"
optional = false
python-versions = ">=3.10"

[[package]]
name = "markupsafe"
version = "3.0.2"
description = "Safely add untrusted strings to HTML/XML markup."
category = "main"
optional = false
python-versions = ">=3.9"

[[package]]
name = "more-itertools"
version = "10.7.0"
description = "More routines for operating on iterables, beyond itertools"
category = "main"
optional = false
python-versions = ">=3.9"

[[package]]
name = "mpmath"
version = "1.3.0"
description = "Python library for arbitrary-precision floating-point arithmetic"
category = "main"
optional = false
python-versions = "*"

[package.extras]
develop = ["pytest (>=4.6)", "pycodestyle", "pytest-cov", "codecov", "wheel"]
docs = ["sphinx"]
gmpy = ["gmpy2 (>=2.1.0a4)"]
tests = ["pytest (>=4.6)"]

[[package]]
name = "mypy"
version = "1.15.0"
description = "Optional static typing for Python"
category = "main"
optional = false
python-versions = ">=3.9"

[package.dependencies]
mypy_extensions = ">=1.0.0"
tomli = {version = ">=1.1.0", markers = "python_version < \"3.11\""}
typing_extensions = ">=4.6.0"

[package.extras]
dmypy = ["psutil (>=4.0)"]
mypyc = ["setuptools (>=50)"]
reports = ["lxml"]
install-types = ["pip"]
faster-cache = ["orjson"]

[[package]]
name = "mypy-extensions"
version = "1.1.0"
description = "Type system extensions for programs checked with the mypy type checker."
category = "main"
optional = false
python-versions = ">=3.8"

[[package]]
name = "narwhals"
version = "1.39.1"
description = "Extremely lightweight compatibility layer between dataframe libraries"
category = "main"
optional = false
python-versions = ">=3.8"

[package.extras]
cudf = ["cudf (>=24.10.0)"]
dask = ["dask[dataframe] (>=2024.8)"]
duckdb = ["duckdb (>=1.0)"]
ibis = ["ibis-framework (>=6.0.0)", "packaging", "pyarrow-hotfix", "rich"]
modin = ["modin"]
pandas = ["pandas (>=0.25.3)"]
polars = ["polars (>=0.20.3)"]
pyarrow = ["pyarrow (>=11.0.0)"]
pyspark = ["pyspark (>=3.5.0)"]
pyspark-connect = ["pyspark[connect] (>=3.5.0)"]
sqlframe = ["sqlframe (>=3.22.0)"]

[[package]]
name = "networkx"
version = "3.4.2"
description = "Python package for creating and manipulating graphs and networks"
category = "main"
optional = false
python-versions = ">=3.10"

[package.extras]
default = ["numpy (>=1.24)", "scipy (>=1.10,!=1.11.0,!=1.11.1)", "matplotlib (>=3.7)", "pandas (>=2.0)"]
developer = ["changelist (==0.5)", "pre-commit (>=3.2)", "mypy (>=1.1)", "rtoml"]
doc = ["sphinx (>=7.3)", "pydata-sphinx-theme (>=0.15)", "sphinx-gallery (>=0.16)", "numpydoc (>=1.8.0)", "pillow (>=9.4)", "texext (>=0.6.7)", "myst-nb (>=1.1)", "intersphinx-registry"]
example = ["osmnx (>=1.9)", "momepy (>=0.7.2)", "contextily (>=1.6)", "seaborn (>=0.13)", "cairocffi (>=1.7)", "igraph (>=0.11)", "scikit-learn (>=1.5)"]
extra = ["lxml (>=4.6)", "pygraphviz (>=1.14)", "pydot (>=3.0.1)", "sympy (>=1.10)"]
test = ["pytest (>=7.2)", "pytest-cov (>=4.0)"]

[[package]]
name = "numba"
version = "0.61.2"
description = "compiling Python code using LLVM"
category = "main"
optional = false
python-versions = ">=3.10"

[package.dependencies]
llvmlite = ">=0.44.0dev0,<0.45"
numpy = ">=1.24,<2.3"

[[package]]
name = "numpy"
version = "2.0.0"
description = "Fundamental package for array computing in Python"
category = "main"
optional = false
python-versions = ">=3.9"

[[package]]
name = "nvidia-cublas-cu12"
version = "12.6.4.1"
description = "CUBLAS native runtime libraries"
category = "main"
optional = false
python-versions = ">=3"

[[package]]
name = "nvidia-cuda-cupti-cu12"
version = "12.6.80"
description = "CUDA profiling tools runtime libs."
category = "main"
optional = false
python-versions = ">=3"

[[package]]
name = "nvidia-cuda-nvrtc-cu12"
version = "12.6.77"
description = "NVRTC native runtime libraries"
category = "main"
optional = false
python-versions = ">=3"

[[package]]
name = "nvidia-cuda-runtime-cu12"
version = "12.6.77"
description = "CUDA Runtime native Libraries"
category = "main"
optional = false
python-versions = ">=3"

[[package]]
name = "nvidia-cudnn-cu12"
version = "9.5.1.17"
description = "cuDNN runtime libraries"
category = "main"
optional = false
python-versions = ">=3"

[package.dependencies]
nvidia-cublas-cu12 = "*"

[[package]]
name = "nvidia-cufft-cu12"
version = "11.3.0.4"
description = "CUFFT native runtime libraries"
category = "main"
optional = false
python-versions = ">=3"

[package.dependencies]
nvidia-nvjitlink-cu12 = "*"

[[package]]
name = "nvidia-cufile-cu12"
version = "1.11.1.6"
description = "cuFile GPUDirect libraries"
category = "main"
optional = false
python-versions = ">=3"

[[package]]
name = "nvidia-curand-cu12"
version = "10.3.7.77"
description = "CURAND native runtime libraries"
category = "main"
optional = false
python-versions = ">=3"

[[package]]
name = "nvidia-cusolver-cu12"
version = "11.7.1.2"
description = "CUDA solver native runtime libraries"
category = "main"
optional = false
python-versions = ">=3"

[package.dependencies]
nvidia-cublas-cu12 = "*"
nvidia-cusparse-cu12 = "*"
nvidia-nvjitlink-cu12 = "*"

[[package]]
name = "nvidia-cusparse-cu12"
version = "12.5.4.2"
description = "CUSPARSE native runtime libraries"
category = "main"
optional = false
python-versions = ">=3"

[package.dependencies]
nvidia-nvjitlink-cu12 = "*"

[[package]]
name = "nvidia-cusparselt-cu12"
version = "0.6.3"
description = "NVIDIA cuSPARSELt"
category = "main"
optional = false
python-versions = "*"

[[package]]
name = "nvidia-nccl-cu12"
version = "2.26.2"
description = "NVIDIA Collective Communication Library (NCCL) Runtime"
category = "main"
optional = false
python-versions = ">=3"

[[package]]
name = "nvidia-nvjitlink-cu12"
version = "12.6.85"
description = "Nvidia JIT LTO Library"
category = "main"
optional = false
python-versions = ">=3"

[[package]]
name = "nvidia-nvtx-cu12"
version = "12.6.77"
description = "NVIDIA Tools Extension"
category = "main"
optional = false
python-versions = ">=3"

[[package]]
name = "openai-whisper"
version = "20240930"
description = "Robust Speech Recognition via Large-Scale Weak Supervision"
category = "main"
optional = false
python-versions = ">=3.8"

[package.dependencies]
more-itertools = "*"
numba = "*"
numpy = "*"
tiktoken = "*"
torch = "*"
tqdm = "*"
triton = {version = ">=2.0.0", markers = "platform_machine == \"x86_64\" and sys_platform == \"linux\" or sys_platform == \"linux2\""}

[package.extras]
dev = ["pytest", "scipy", "black", "flake8", "isort"]

[[package]]
name = "packaging"
version = "24.2"
description = "Core utilities for Python packages"
category = "main"
optional = false
python-versions = ">=3.8"

[[package]]
name = "pandas"
version = "2.2.3"
description = "Powerful data structures for data analysis, time series, and statistics"
category = "main"
optional = false
python-versions = ">=3.9"

[package.dependencies]
numpy = [
    {version = ">=1.22.4", markers = "python_version < \"3.11\""},
    {version = ">=1.23.2", markers = "python_version == \"3.11\""},
    {version = ">=1.26.0", markers = "python_version >= \"3.12\""},
]
python-dateutil = ">=2.8.2"
pytz = ">=2020.1"
tzdata = ">=2022.7"

[package.extras]
test = ["hypothesis (>=6.46.1)", "pytest (>=7.3.2)", "pytest-xdist (>=2.2.0)"]
pyarrow = ["pyarrow (>=10.0.1)"]
performance = ["bottleneck (>=1.3.6)", "numba (>=0.56.4)", "numexpr (>=2.8.4)"]
computation = ["scipy (>=1.10.0)", "xarray (>=2022.12.0)"]
fss = ["fsspec (>=2022.11.0)"]
aws = ["s3fs (>=2022.11.0)"]
gcp = ["gcsfs (>=2022.11.0)", "pandas-gbq (>=0.19.0)"]
excel = ["odfpy (>=1.4.1)", "openpyxl (>=3.1.0)", "python-calamine (>=0.1.7)", "pyxlsb (>=1.0.10)", "xlrd (>=2.0.1)", "xlsxwriter (>=3.0.5)"]
parquet = ["pyarrow (>=10.0.1)"]
feather = ["pyarrow (>=10.0.1)"]
hdf5 = ["tables (>=3.8.0)"]
spss = ["pyreadstat (>=1.2.0)"]
postgresql = ["SQLAlchemy (>=2.0.0)", "psycopg2 (>=2.9.6)", "adbc-driver-postgresql (>=0.8.0)"]
mysql = ["SQLAlchemy (>=2.0.0)", "pymysql (>=1.0.2)"]
sql-other = ["SQLAlchemy (>=2.0.0)", "adbc-driver-postgresql (>=0.8.0)", "adbc-driver-sqlite (>=0.8.0)"]
html = ["beautifulsoup4 (>=4.11.2)", "html5lib (>=1.1)", "lxml (>=4.9.2)"]
xml = ["lxml (>=4.9.2)"]
plot = ["matplotlib (>=3.6.3)"]
output-formatting = ["jinja2 (>=3.1.2)", "tabulate (>=0.9.0)"]
clipboard = ["PyQt5 (>=5.15.9)", "qtpy (>=2.3.0)"]
compression = ["zstandard (>=0.19.0)"]
consortium-standard = ["dataframe-api-compat (>=0.1.7)"]
all = ["adbc-driver-postgresql (>=0.8.0)", "adbc-driver-sqlite (>=0.8.0)", "beautifulsoup4 (>=4.11.2)", "bottleneck (>=1.3.6)", "dataframe-api-compat (>=0.1.7)", "fastparquet (>=2022.12.0)", "fsspec (>=2022.11.0)", "gcsfs (>=2022.11.0)", "html5lib (>=1.1)", "hypothesis (>=6.46.1)", "jinja2 (>=3.1.2)", "lxml (>=4.9.2)", "matplotlib (>=3.6.3)", "numba (>=0.56.4)", "numexpr (>=2.8.4)", "odfpy (>=1.4.1)", "openpyxl (>=3.1.0)", "pandas-gbq (>=0.19.0)", "psycopg2 (>=2.9.6)", "pyarrow (>=10.0.1)", "pymysql (>=1.0.2)", "PyQt5 (>=5.15.9)", "pyreadstat (>=1.2.0)", "pytest (>=7.3.2)", "pytest-xdist (>=2.2.0)", "python-calamine (>=0.1.7)", "pyxlsb (>=1.0.10)", "qtpy (>=2.3.0)", "scipy (>=1.10.0)", "s3fs (>=2022.11.0)", "SQLAlchemy (>=2.0.0)", "tables (>=3.8.0)", "tabulate (>=0.9.0)", "xarray (>=2022.12.0)", "xlrd (>=2.0.1)", "xlsxwriter (>=3.0.5)", "zstandard (>=0.19.0)"]

[[package]]
name = "pillow"
version = "11.2.1"
description = "Python Imaging Library (Fork)"
category = "main"
optional = false
python-versions = ">=3.9"

[package.extras]
docs = ["furo", "olefile", "sphinx (>=8.2)", "sphinx-copybutton", "sphinx-inline-tabs", "sphinxext-opengraph"]
fpx = ["olefile"]
mic = ["olefile"]
test-arrow = ["pyarrow"]
tests = ["check-manifest", "coverage (>=7.4.2)", "defusedxml", "markdown2", "olefile", "packaging", "pyroma", "pytest", "pytest-cov", "pytest-timeout", "trove-classifiers (>=2024.10.12)"]
typing = ["typing-extensions"]
xmp = ["defusedxml"]

[[package]]
name = "pluggy"
version = "0.13.1"
description = "plugin and hook calling mechanisms for python"
category = "dev"
optional = false
python-versions = ">=2.7, !=3.0.*, !=3.1.*, !=3.2.*, !=3.3.*"

[package.extras]
dev = ["pre-commit", "tox"]

[[package]]
name = "protobuf"
version = "6.31.0"
description = ""
category = "main"
optional = false
python-versions = ">=3.9"

[[package]]
name = "py"
version = "1.11.0"
description = "library with cross-python path, ini-parsing, io, code, log facilities"
category = "dev"
optional = false
python-versions = ">=2.7, !=3.0.*, !=3.1.*, !=3.2.*, !=3.3.*, !=3.4.*"

[[package]]
name = "pyarrow"
version = "20.0.0"
description = "Python library for Apache Arrow"
category = "main"
optional = false
python-versions = ">=3.9"

[package.extras]
test = ["pytest", "hypothesis", "cffi", "pytz", "pandas"]

[[package]]
name = "pydantic"
version = "2.11.4"
description = "Data validation using Python type hints"
category = "main"
optional = false
python-versions = ">=3.9"

[package.dependencies]
annotated-types = ">=0.6.0"
pydantic-core = "2.33.2"
typing-extensions = ">=4.12.2"
typing-inspection = ">=0.4.0"

[package.extras]
email = ["email-validator (>=2.0.0)"]
timezone = ["tzdata"]

[[package]]
name = "pydantic-core"
version = "2.33.2"
description = "Core functionality for Pydantic validation and serialization"
category = "main"
optional = false
python-versions = ">=3.9"

[package.dependencies]
typing-extensions = ">=4.6.0,<4.7.0 || >4.7.0"

[[package]]
name = "pydeck"
version = "0.9.1"
description = "Widget for deck.gl maps"
category = "main"
optional = false
python-versions = ">=3.8"

[package.dependencies]
jinja2 = ">=2.10.1"
numpy = ">=1.16.4"

[package.extras]
carto = ["pydeck-carto"]
jupyter = ["ipywidgets (>=7,<8)", "traitlets (>=4.3.2)", "ipython (>=5.8.0)", "ipykernel (>=5.1.2)"]

[[package]]
name = "pytest"
version = "5.4.3"
description = "pytest: simple powerful testing with Python"
category = "dev"
optional = false
python-versions = ">=3.5"

[package.dependencies]
atomicwrites = {version = ">=1.0", markers = "sys_platform == \"win32\""}
attrs = ">=17.4.0"
colorama = {version = "*", markers = "sys_platform == \"win32\""}
more-itertools = ">=4.0.0"
packaging = "*"
pluggy = ">=0.12,<1.0"
py = ">=1.5.0"
wcwidth = "*"

[package.extras]
checkqa-mypy = ["mypy (==v0.761)"]
testing = ["argcomplete", "hypothesis (>=3.56)", "mock", "nose", "requests", "xmlschema"]

[[package]]
name = "python-dateutil"
version = "2.9.0.post0"
description = "Extensions to the standard Python datetime module"
category = "main"
optional = false
python-versions = "!=3.0.*,!=3.1.*,!=3.2.*,>=2.7"

[package.dependencies]
six = ">=1.5"

[[package]]
name = "python-dotenv"
version = "1.1.0"
description = "Read key-value pairs from a .env file and set them as environment variables"
category = "main"
optional = false
python-versions = ">=3.9"

[package.extras]
cli = ["click (>=5.0)"]

[[package]]
name = "python-multipart"
version = "0.0.20"
description = "A streaming multipart parser for Python"
category = "main"
optional = false
python-versions = ">=3.8"

[[package]]
name = "pytz"
version = "2025.2"
description = "World timezone definitions, modern and historical"
category = "main"
optional = false
python-versions = "*"

[[package]]
name = "pyyaml"
version = "6.0.2"
description = "YAML parser and emitter for Python"
category = "main"
optional = false
python-versions = ">=3.8"

[[package]]
name = "rapidfuzz"
version = "3.13.0"
description = "rapid fuzzy string matching"
category = "main"
optional = false
python-versions = ">=3.9"

[package.extras]
all = ["numpy"]

[[package]]
name = "referencing"
version = "0.36.2"
description = "JSON Referencing + Python"
category = "main"
optional = false
python-versions = ">=3.9"

[package.dependencies]
attrs = ">=22.2.0"
rpds-py = ">=0.7.0"
typing-extensions = {version = ">=4.4.0", markers = "python_version < \"3.13\""}

[[package]]
name = "regex"
version = "2024.11.6"
description = "Alternative regular expression module, to replace re."
category = "main"
optional = false
python-versions = ">=3.8"

[[package]]
name = "requests"
version = "2.32.3"
description = "Python HTTP for Humans."
category = "main"
optional = false
python-versions = ">=3.8"

[package.dependencies]
certifi = ">=2017.4.17"
charset-normalizer = ">=2,<4"
idna = ">=2.5,<4"
urllib3 = ">=1.21.1,<3"

[package.extras]
socks = ["PySocks (>=1.5.6,!=1.5.7)"]
use-chardet-on-py3 = ["chardet (>=3.0.2,<6)"]

[[package]]
name = "rpds-py"
version = "0.25.0"
description = "Python bindings to Rust's persistent data structures (rpds)"
category = "main"
optional = false
python-versions = ">=3.9"

[[package]]
name = "scikit-learn"
version = "1.6.1"
description = "A set of python modules for machine learning and data mining"
category = "main"
optional = false
python-versions = ">=3.9"

[package.dependencies]
joblib = ">=1.2.0"
numpy = ">=1.19.5"
scipy = ">=1.6.0"
threadpoolctl = ">=3.1.0"

[package.extras]
build = ["numpy (>=1.19.5)", "scipy (>=1.6.0)", "cython (>=3.0.10)", "meson-python (>=0.16.0)"]
install = ["numpy (>=1.19.5)", "scipy (>=1.6.0)", "joblib (>=1.2.0)", "threadpoolctl (>=3.1.0)"]
benchmark = ["matplotlib (>=3.3.4)", "pandas (>=1.1.5)", "memory_profiler (>=0.57.0)"]
docs = ["matplotlib (>=3.3.4)", "scikit-image (>=0.17.2)", "pandas (>=1.1.5)", "seaborn (>=0.9.0)", "memory_profiler (>=0.57.0)", "sphinx (>=7.3.7)", "sphinx-copybutton (>=0.5.2)", "sphinx-gallery (>=0.17.1)", "numpydoc (>=1.2.0)", "Pillow (>=7.1.2)", "pooch (>=1.6.0)", "sphinx-prompt (>=1.4.0)", "sphinxext-opengraph (>=0.9.1)", "plotly (>=5.14.0)", "polars (>=0.20.30)", "sphinx-design (>=0.5.0)", "sphinx-design (>=0.6.0)", "sphinxcontrib-sass (>=0.3.4)", "pydata-sphinx-theme (>=0.15.3)", "sphinx-remove-toctrees (>=1.0.0.post1)", "towncrier (>=24.8.0)"]
examples = ["matplotlib (>=3.3.4)", "scikit-image (>=0.17.2)", "pandas (>=1.1.5)", "seaborn (>=0.9.0)", "pooch (>=1.6.0)", "plotly (>=5.14.0)"]
tests = ["matplotlib (>=3.3.4)", "scikit-image (>=0.17.2)", "pandas (>=1.1.5)", "pytest (>=7.1.2)", "pytest-cov (>=2.9.0)", "ruff (>=0.5.1)", "black (>=24.3.0)", "mypy (>=1.9)", "pyamg (>=4.0.0)", "polars (>=0.20.30)", "pyarrow (>=12.0.0)", "numpydoc (>=1.2.0)", "pooch (>=1.6.0)"]
maintenance = ["conda-lock (==2.5.6)"]

[[package]]
name = "scipy"
version = "1.15.3"
description = "Fundamental algorithms for scientific computing in Python"
category = "main"
optional = false
python-versions = ">=3.10"

[package.dependencies]
numpy = ">=1.23.5,<2.5"

[package.extras]
test = ["pytest", "pytest-cov", "pytest-timeout", "pytest-xdist", "asv", "mpmath", "gmpy2", "threadpoolctl", "scikit-umfpack", "pooch", "hypothesis (>=6.30)", "array-api-strict (>=2.0,<2.1.1)", "cython", "meson", "ninja"]
doc = ["sphinx (>=5.0.0,<8.0.0)", "intersphinx-registry", "pydata-sphinx-theme (>=0.15.2)", "sphinx-copybutton", "sphinx-design (>=0.4.0)", "matplotlib (>=3.5)", "numpydoc", "jupytext", "myst-nb", "pooch", "jupyterlite-sphinx (>=0.19.1)", "jupyterlite-pyodide-kernel"]
dev = ["mypy (==1.10.0)", "typing-extensions", "types-psutil", "pycodestyle", "ruff (>=0.0.292)", "cython-lint (>=0.12.2)", "rich-click", "doit (>=0.36.0)", "pydevtool"]

[[package]]
name = "six"
version = "1.17.0"
description = "Python 2 and 3 compatibility utilities"
category = "main"
optional = false
python-versions = "!=3.0.*,!=3.1.*,!=3.2.*,>=2.7"

[[package]]
name = "smmap"
version = "5.0.2"
description = "A pure Python implementation of a sliding window memory map manager"
category = "main"
optional = false
python-versions = ">=3.7"

[[package]]
name = "sniffio"
version = "1.3.1"
description = "Sniff out which async library your code is running under"
category = "main"
optional = false
python-versions = ">=3.7"

[[package]]
name = "starlette"
version = "0.46.2"
description = "The little ASGI library that shines."
category = "main"
optional = false
python-versions = ">=3.9"

[package.dependencies]
anyio = ">=3.6.2,<5"

[package.extras]
full = ["httpx (>=0.27.0,<0.29.0)", "itsdangerous", "jinja2", "python-multipart (>=0.0.18)", "pyyaml"]

[[package]]
name = "streamlit"
version = "1.45.1"
description = "A faster way to build and share data apps"
category = "main"
optional = false
python-versions = "!=3.9.7,>=3.9"

[package.dependencies]
altair = ">=4.0,<6"
blinker = ">=1.5.0,<2"
cachetools = ">=4.0,<6"
click = ">=7.0,<9"
gitpython = ">=3.0.7,<3.1.19 || >3.1.19,<4"
numpy = ">=1.23,<3"
packaging = ">=20,<25"
pandas = ">=1.4.0,<3"
pillow = ">=7.1.0,<12"
protobuf = ">=3.20,<7"
pyarrow = ">=7.0"
pydeck = ">=0.8.0b4,<1"
requests = ">=2.27,<3"
tenacity = ">=8.1.0,<10"
toml = ">=0.10.1,<2"
tornado = ">=6.0.3,<7"
typing-extensions = ">=4.4.0,<5"
watchdog = {version = ">=2.1.5,<7", markers = "platform_system != \"Darwin\""}

[package.extras]
snowflake = ["snowflake-snowpark-python[modin] (>=1.17.0)", "snowflake-connector-python (>=3.3.0)"]

[[package]]
name = "sympy"
version = "1.14.0"
description = "Computer algebra system (CAS) in Python"
category = "main"
optional = false
python-versions = ">=3.9"

[package.dependencies]
mpmath = ">=1.1.0,<1.4"

[package.extras]
dev = ["pytest (>=7.1.0)", "hypothesis (>=6.70.0)"]

[[package]]
name = "tenacity"
version = "9.1.2"
description = "Retry code until it succeeds"
category = "main"
optional = false
python-versions = ">=3.9"

[package.extras]
doc = ["reno", "sphinx"]
test = ["pytest", "tornado (>=4.5)", "typeguard"]

[[package]]
name = "threadpoolctl"
version = "3.6.0"
description = "threadpoolctl"
category = "main"
optional = false
python-versions = ">=3.9"

[[package]]
name = "tiktoken"
version = "0.9.0"
description = "tiktoken is a fast BPE tokeniser for use with OpenAI's models"
category = "main"
optional = false
python-versions = ">=3.9"

[package.dependencies]
regex = ">=2022.1.18"
requests = ">=2.26.0"

[package.extras]
blobfile = ["blobfile (>=2)"]

[[package]]
name = "toml"
version = "0.10.2"
description = "Python Library for Tom's Obvious, Minimal Language"
category = "main"
optional = false
python-versions = ">=2.6, !=3.0.*, !=3.1.*, !=3.2.*"

[[package]]
name = "tomli"
version = "2.2.1"
description = "A lil' TOML parser"
category = "main"
optional = false
python-versions = ">=3.8"

[[package]]
name = "torch"
version = "2.7.0"
description = "Tensors and Dynamic neural networks in Python with strong GPU acceleration"
category = "main"
optional = false
python-versions = ">=3.9.0"

[package.dependencies]
filelock = "*"
fsspec = "*"
jinja2 = "*"
networkx = "*"
nvidia-cublas-cu12 = {version = "12.6.4.1", markers = "platform_system == \"Linux\" and platform_machine == \"x86_64\""}
nvidia-cuda-cupti-cu12 = {version = "12.6.80", markers = "platform_system == \"Linux\" and platform_machine == \"x86_64\""}
nvidia-cuda-nvrtc-cu12 = {version = "12.6.77", markers = "platform_system == \"Linux\" and platform_machine == \"x86_64\""}
nvidia-cuda-runtime-cu12 = {version = "12.6.77", markers = "platform_system == \"Linux\" and platform_machine == \"x86_64\""}
nvidia-cudnn-cu12 = {version = "9.5.1.17", markers = "platform_system == \"Linux\" and platform_machine == \"x86_64\""}
nvidia-cufft-cu12 = {version = "11.3.0.4", markers = "platform_system == \"Linux\" and platform_machine == \"x86_64\""}
nvidia-cufile-cu12 = {version = "1.11.1.6", markers = "platform_system == \"Linux\" and platform_machine == \"x86_64\""}
nvidia-curand-cu12 = {version = "10.3.7.77", markers = "platform_system == \"Linux\" and platform_machine == \"x86_64\""}
nvidia-cusolver-cu12 = {version = "11.7.1.2", markers = "platform_system == \"Linux\" and platform_machine == \"x86_64\""}
nvidia-cusparse-cu12 = {version = "12.5.4.2", markers = "platform_system == \"Linux\" and platform_machine == \"x86_64\""}
nvidia-cusparselt-cu12 = {version = "0.6.3", markers = "platform_system == \"Linux\" and platform_machine == \"x86_64\""}
nvidia-nccl-cu12 = {version = "2.26.2", markers = "platform_system == \"Linux\" and platform_machine == \"x86_64\""}
nvidia-nvjitlink-cu12 = {version = "12.6.85", markers = "platform_system == \"Linux\" and platform_machine == \"x86_64\""}
nvidia-nvtx-cu12 = {version = "12.6.77", markers = "platform_system == \"Linux\" and platform_machine == \"x86_64\""}
sympy = ">=1.13.3"
triton = {version = "3.3.0", markers = "platform_system == \"Linux\" and platform_machine == \"x86_64\""}
typing-extensions = ">=4.10.0"

[package.extras]
optree = ["optree (>=0.13.0)"]
opt-einsum = ["opt-einsum (>=3.3)"]

[[package]]
name = "tornado"
version = "6.5"
description = "Tornado is a Python web framework and asynchronous networking library, originally developed at FriendFeed."
category = "main"
optional = false
python-versions = ">=3.9"

[[package]]
name = "tqdm"
version = "4.67.1"
description = "Fast, Extensible Progress Meter"
category = "main"
optional = false
python-versions = ">=3.7"

[package.dependencies]
colorama = {version = "*", markers = "platform_system == \"Windows\""}

[package.extras]
dev = ["pytest (>=6)", "pytest-cov", "pytest-timeout", "pytest-asyncio (>=0.24)", "nbval"]
discord = ["requests"]
slack = ["slack-sdk"]
telegram = ["requests"]
notebook = ["ipywidgets (>=6)"]

[[package]]
name = "triton"
version = "3.3.0"
description = "A language and compiler for custom Deep Learning operations"
category = "main"
optional = false
python-versions = "*"

[package.extras]
build = ["cmake (>=3.20)", "lit"]
tests = ["autopep8", "isort", "numpy", "pytest", "pytest-forked", "pytest-xdist", "scipy (>=1.7.1)", "llnl-hatchet"]
tutorials = ["matplotlib", "pandas", "tabulate"]

[[package]]
name = "typing-extensions"
version = "4.13.2"
description = "Backported and Experimental Type Hints for Python 3.8+"
category = "main"
optional = false
python-versions = ">=3.8"

[[package]]
name = "typing-inspection"
version = "0.4.0"
description = "Runtime typing introspection tools"
category = "main"
optional = false
python-versions = ">=3.9"

[package.dependencies]
typing-extensions = ">=4.12.0"

[[package]]
name = "tzdata"
version = "2025.2"
description = "Provider of IANA time zone data"
category = "main"
optional = false
python-versions = ">=2"

[[package]]
name = "urllib3"
version = "2.4.0"
description = "HTTP library with thread-safe connection pooling, file post, and more."
category = "main"
optional = false
python-versions = ">=3.9"

[package.extras]
brotli = ["brotli (>=1.0.9)", "brotlicffi (>=0.8.0)"]
h2 = ["h2 (>=4,<5)"]
socks = ["pysocks (>=1.5.6,!=1.5.7,<2.0)"]
zstd = ["zstandard (>=0.18.0)"]

[[package]]
name = "uvicorn"
version = "0.34.2"
description = "The lightning-fast ASGI server."
category = "main"
optional = false
python-versions = ">=3.9"

[package.dependencies]
click = ">=7.0"
colorama = {version = ">=0.4", optional = true, markers = "sys_platform == \"win32\" and extra == \"standard\""}
h11 = ">=0.8"
httptools = {version = ">=0.6.3", optional = true, markers = "extra == \"standard\""}
python-dotenv = {version = ">=0.13", optional = true, markers = "extra == \"standard\""}
pyyaml = {version = ">=5.1", optional = true, markers = "extra == \"standard\""}
typing-extensions = {version = ">=4.0", markers = "python_version < \"3.11\""}
uvloop = {version = ">=0.14.0,<0.15.0 || >0.15.0,<0.15.1 || >0.15.1", optional = true, markers = "sys_platform != \"win32\" and sys_platform != \"cygwin\" and platform_python_implementation != \"PyPy\" and extra == \"standard\""}
watchfiles = {version = ">=0.13", optional = true, markers = "extra == \"standard\""}
websockets = {version = ">=10.4", optional = true, markers = "extra == \"standard\""}

[package.extras]
standard = ["colorama (>=0.4)", "httptools (>=0.6.3)", "python-dotenv (>=0.13)", "pyyaml (>=5.1)", "uvloop (>=0.14.0,!=0.15.0,!=0.15.1)", "watchfiles (>=0.13)", "websockets (>=10.4)"]

[[package]]
name = "uvloop"
version = "0.21.0"
description = "Fast implementation of asyncio event loop on top of libuv"
category = "main"
optional = false
python-versions = ">=3.8.0"

[package.extras]
dev = ["setuptools (>=60)", "Cython (>=3.0,<4.0)"]
docs = ["Sphinx (>=4.1.2,<4.2.0)", "sphinxcontrib-asyncio (>=0.3.0,<0.4.0)", "sphinx-rtd-theme (>=0.5.2,<0.6.0)"]
test = ["aiohttp (>=3.10.5)", "flake8 (>=5.0,<6.0)", "psutil", "pycodestyle (>=2.9.0,<2.10.0)", "pyOpenSSL (>=23.0.0,<23.1.0)", "mypy (>=0.800)"]

[[package]]
name = "watchdog"
version = "6.0.0"
description = "Filesystem events monitoring"
category = "main"
optional = false
python-versions = ">=3.9"

[package.extras]
watchmedo = ["PyYAML (>=3.10)"]

[[package]]
name = "watchfiles"
version = "1.0.5"
description = "Simple, modern and high performance file watching and code reload in python."
category = "main"
optional = false
python-versions = ">=3.9"

[package.dependencies]
anyio = ">=3.0.0"

[[package]]
name = "wcwidth"
version = "0.2.13"
description = "Measures the displayed width of unicode strings in a terminal"
category = "dev"
optional = false
python-versions = "*"

[[package]]
name = "websockets"
version = "15.0.1"
description = "An implementation of the WebSocket Protocol (RFC 6455 & 7692)"
category = "main"
optional = false
python-versions = ">=3.9"

[[package]]
name = "whisper-timestamped"
version = "1.15.8"
description = "Multi-lingual Automatic Speech Recognition (ASR) based on Whisper models, with accurate word timestamps, access to language detection confidence, several options for Voice Activity Detection (VAD), and more."
category = "main"
optional = false
python-versions = ">=3.7"

[package.dependencies]
Cython = "*"
dtw-python = "*"
openai-whisper = "*"

[package.extras]
dev = ["matplotlib (==3.7.4)", "transformers"]
vad-silero = ["onnxruntime", "torchaudio"]
vad-auditok = ["auditok"]
test = ["jsonschema"]

[metadata]
lock-version = "1.1"
python-versions = "^3.10"
content-hash = "b4c0973070831e133b0f28d80a4d3f8b957d25b460b813823c6ed81ffb27077d"

[metadata.files]
altair = []
annotated-types = []
anyio = []
atomicwrites = []
attrs = []
blinker = []
cachetools = []
certifi = []
charset-normalizer = []
click = []
colorama = []
cython = []
dtw-python = []
exceptiongroup = []
fastapi = []
filelock = []
fsspec = []
gitdb = []
gitpython = []
h11 = []
httptools = []
idna = []
jinja2 = []
jiwer = []
joblib = []
jsonschema = []
jsonschema-specifications = []
llvmlite = []
markupsafe = []
more-itertools = []
mpmath = []
mypy = []
mypy-extensions = []
narwhals = []
networkx = []
numba = []
numpy = []
nvidia-cublas-cu12 = []
nvidia-cuda-cupti-cu12 = []
nvidia-cuda-nvrtc-cu12 = []
nvidia-cuda-runtime-cu12 = []
nvidia-cudnn-cu12 = []
nvidia-cufft-cu12 = []
nvidia-cufile-cu12 = []
nvidia-curand-cu12 = []
nvidia-cusolver-cu12 = []
nvidia-cusparse-cu12 = []
nvidia-cusparselt-cu12 = []
nvidia-nccl-cu12 = []
nvidia-nvjitlink-cu12 = []
nvidia-nvtx-cu12 = []
openai-whisper = []
packaging = []
pandas = []
pillow = []
pluggy = []
protobuf = []
py = []
pyarrow = []
pydantic = []
pydantic-core = []
pydeck = []
pytest = []
python-dateutil = []
python-dotenv = []
python-multipart = []
pytz = []
pyyaml = []
rapidfuzz = []
referencing = []
regex = []
requests = []
rpds-py = []
scikit-learn = []
scipy = []
six = []
smmap = []
sniffio = []
starlette = []
streamlit = []
sympy = []
tenacity = []
threadpoolctl = []
tiktoken = []
toml = []
tomli = []
torch = []
tornado = []
tqdm = []
triton = []
typing-extensions = []
typing-inspection = []
tzdata = []
urllib3 = []
uvicorn = []
uvloop = []
watchdog = []
watchfiles = []
wcwidth = []
websockets = []
whisper-timestamped = []
